
Microsoft Visual Studio Solution File, Format Version 12.00
# Visual Studio Version 16
VisualStudioVersion = 16.0.28729.10
MinimumVisualStudioVersion = 10.0.40219.1
Project("{FAE04EC0-301F-11D3-BF4B-00C04F79EFBC}") = "Gsnll", "Gsnll\Gsnll.csproj", "{5D643AAA-D010-4515-91C0-809774554FEC}"
EndProject
Project("{FAE04EC0-301F-11D3-BF4B-00C04F79EFBC}") = "Sample", "Sample\Sample.csproj", "{6DAD8570-5699-46B1-A349-047F22348531}"
EndProject
Global
	GlobalSection(SolutionConfigurationPlatforms) = preSolution
		Debug|Any CPU = Debug|Any CPU
		Release|Any CPU = Release|Any CPU
	EndGlobalSection
	GlobalSection(ProjectConfigurationPlatforms) = postSolution
		{5D643AAA-D010-4515-91C0-809774554FEC}.Debug|Any CPU.ActiveCfg = Debug|Any CPU
		{5D643AAA-D010-4515-91C0-809774554FEC}.Debug|Any CPU.Build.0 = Debug|Any CPU
		{5D643AAA-D010-4515-91C0-809774554FEC}.Release|Any CPU.ActiveCfg = Release|Any CPU
		{5D643AAA-D010-4515-91C0-809774554FEC}.Release|Any CPU.Build.0 = Release|Any CPU
		{6DAD8570-5699-46B1-A349-047F22348531}.Debug|Any CPU.ActiveCfg = Debug|Any CPU
		{6DAD8570-5699-46B1-A349-047F22348531}.Debug|Any CPU.Build.0 = Debug|Any CPU
		{6DAD8570-5699-46B1-A349-047F22348531}.Release|Any CPU.ActiveCfg = Release|Any CPU
		{6DAD8570-5699-46B1-A349-047F22348531}.Release|Any CPU.Build.0 = Release|Any CPU
	EndGlobalSection
	GlobalSection(SolutionProperties) = preSolution
		HideSolutionNode = FALSE
	EndGlobalSection
	GlobalSection(ExtensibilityGlobals) = postSolution
		SolutionGuid = {7C8B95BA-62CE-437C-870E-7CD06BD796AF}
	EndGlobalSection
EndGlobal
